{
  "pins" : [
    {
      "identity" : "swift-protobuf",
      "kind" : "remoteSourceControl",
      "location" : "https://github.com/apple/swift-protobuf.git",
      "state" : {
        "revision" : "55d7a1cc5666b85c13464aea1c4b4a90feccb4c8",
        "version" : "1.38.1"
      }
    },
    {
      "identity" : "swifttreesitter",
      "kind" : "remoteSourceControl",
      "location" : "https://github.com/ChimeHQ/SwiftTreeSitter.git",
      "state" : {
        "revision" : "36aa61d1b531f744f35229f010efba9c6d6cbbdd",
        "version" : "0.9.0"
      }
    },
    {
      "identity" : "tree-sitter",
      "kind" : "remoteSourceControl",
      "location" : "https://github.com/tree-sitter/tree-sitter",
      "state" : {
        "revision" : "d97db6d63507eb62c536bcb2c4ac7d70c8ec665e",
        "version" : "0.23.2"
      }
    },
    {
      "identity" : "tree-sitter-bash",
      "kind" : "remoteSourceControl",
      "location" : "https://github.com/tree-sitter/tree-sitter-bash.git",
      "state" : {
        "revision" : "487734f87fd87118028a65a4599352fa99c9cde8",
        "version" : "0.23.3"
      }
    },
    {
      "identity" : "tree-sitter-c",
      "kind" : "remoteSourceControl",
      "location" : "https://github.com/tree-sitter/tree-sitter-c.git",
      "state" : {
        "revision" : "3efee11f784605d44623d7dadd6cd12a0f73ea92",
        "version" : "0.23.4"
      }
    },
    {
      "identity" : "tree-sitter-c-sharp",
      "kind" : "remoteSourceControl",
      "location" : "https://github.com/tree-sitter/tree-sitter-c-sharp.git",
      "state" : {
        "revision" : "362a8a41b265056592a0c3771664a21d23a71392",
        "version" : "0.23.1"
      }
    },
    {
      "identity" : "tree-sitter-cpp",
      "kind" : "remoteSourceControl",
      "location" : "https://github.com/tree-sitter/tree-sitter-cpp.git",
      "state" : {
        "revision" : "f41e1a044c8a84ea9fa8577fdd2eab92ec96de02",
        "version" : "0.23.4"
      }
    },
    {
      "identity" : "tree-sitter-css",
      "kind" : "remoteSourceControl",
      "location" : "https://github.com/tree-sitter/tree-sitter-css.git",
      "state" : {
        "revision" : "c0d581e32d183a536731ed6c3a72758b27e20411",
        "version" : "0.23.2"
      }
    },
    {
      "identity" : "tree-sitter-dockerfile",
      "kind" : "remoteSourceControl",
      "location" : "https://github.com/camdencheek/tree-sitter-dockerfile.git",
      "state" : {
        "revision" : "868e44ce378deb68aac902a9db68ff82d2299dd0",
        "version" : "0.2.0"
      }
    },
    {
      "identity" : "tree-sitter-elixir",
      "kind" : "remoteSourceControl",
      "location" : "https://github.com/elixir-lang/tree-sitter-elixir.git",
      "state" : {
        "revision" : "e2d9e6e0e76b0c436fa48a0b8c32a031d0cbdf49",
        "version" : "0.3.5"
      }
    },
    {
      "identity" : "tree-sitter-go",
      "kind" : "remoteSourceControl",
      "location" : "https://github.com/tree-sitter/tree-sitter-go.git",
      "state" : {
        "revision" : "3c3775faa968158a8b4ac190a7fda867fd5fb748",
        "version" : "0.23.4"
      }
    },
    {
      "identity" : "tree-sitter-haskell",
      "kind" : "remoteSourceControl",
      "location" : "https://github.com/tree-sitter/tree-sitter-haskell.git",
      "state" : {
        "revision" : "c30d812bc90827f1a54106a25bc9a6307f5cdcec",
        "version" : "0.23.1"
      }
    },
    {
      "identity" : "tree-sitter-html",
      "kind" : "remoteSourceControl",
      "location" : "https://github.com/tree-sitter/tree-sitter-html.git",
      "state" : {
        "revision" : "5a5ca8551a179998360b4a4ca2c0f366a35acc03",
        "version" : "0.23.2"
      }
    },
    {
      "identity" : "tree-sitter-ini",
      "kind" : "remoteSourceControl",
      "location" : "https://github.com/justinmk/tree-sitter-ini.git",
      "state" : {
        "revision" : "32b31863f222bf22eb43b07d4e9be8017e36fb31",
        "version" : "1.3.0"
      }
    },
    {
      "identity" : "tree-sitter-java",
      "kind" : "remoteSourceControl",
      "location" : "https://github.com/tree-sitter/tree-sitter-java.git",
      "state" : {
        "revision" : "94703d5a6bed02b98e438d7cad1136c01a60ba2c",
        "version" : "0.23.5"
      }
    },
    {
      "identity" : "tree-sitter-javascript",
      "kind" : "remoteSourceControl",
      "location" : "https://github.com/tree-sitter/tree-sitter-javascript.git",
      "state" : {
        "revision" : "3a837b6f3658ca3618f2022f8707e29739c91364",
        "version" : "0.23.1"
      }
    },
    {
      "identity" : "tree-sitter-json",
      "kind" : "remoteSourceControl",
      "location" : "https://github.com/tree-sitter/tree-sitter-json.git",
      "state" : {
        "revision" : "ee35a6ebefcef0c5c416c0d1ccec7370cfca5a24",
        "version" : "0.24.8"
      }
    },
    {
      "identity" : "tree-sitter-kotlin",
      "kind" : "remoteSourceControl",
      "location" : "https://github.com/tree-sitter-grammars/tree-sitter-kotlin.git",
      "state" : {
        "revision" : "77dd60ea0a9003ce062c9728a513ffe1aaff8c82",
        "version" : "1.1.0"
      }
    },
    {
      "identity" : "tree-sitter-lua",
      "kind" : "remoteSourceControl",
      "location" : "https://github.com/tree-sitter-grammars/tree-sitter-lua.git",
      "state" : {
        "revision" : "99fc677e6971c425e8d407f59c77ab897e585c92",
        "version" : "0.2.0"
      }
    },
    {
      "identity" : "tree-sitter-make",
      "kind" : "remoteSourceControl",
      "location" : "https://github.com/tree-sitter-grammars/tree-sitter-make.git",
      "state" : {
        "revision" : "5e9e8f8ff3387b0edcaa90f46ddf3629f4cfeb1d",
        "version" : "1.1.1"
      }
    },
    {
      "identity" : "tree-sitter-markdown",
      "kind" : "remoteSourceControl",
      "location" : "https://github.com/tree-sitter-grammars/tree-sitter-markdown.git",
      "state" : {
        "revision" : "1c8dea73bc0c996d92dd9ebc30dd388716b1c5db",
        "version" : "0.3.2"
      }
    },
    {
      "identity" : "tree-sitter-php",
      "kind" : "remoteSourceControl",
      "location" : "https://github.com/tree-sitter/tree-sitter-php.git",
      "state" : {
        "revision" : "43aad2b9a98aa8e603ea0cf5bb630728a5591ad8",
        "version" : "0.23.11"
      }
    },
    {
      "identity" : "tree-sitter-python",
      "kind" : "remoteSourceControl",
      "location" : "https://github.com/tree-sitter/tree-sitter-python.git",
      "state" : {
        "revision" : "bffb65a8cfe4e46290331dfef0dbf0ef3679de11",
        "version" : "0.23.6"
      }
    },
    {
      "identity" : "tree-sitter-r",
      "kind" : "remoteSourceControl",
      "location" : "https://github.com/r-lib/tree-sitter-r.git",
      "state" : {
        "revision" : "346d3707b8c9301f1051e8f6e32666e67529f7d2",
        "version" : "1.3.0"
      }
    },
    {
      "identity" : "tree-sitter-ruby",
      "kind" : "remoteSourceControl",
      "location" : "https://github.com/tree-sitter/tree-sitter-ruby.git",
      "state" : {
        "revision" : "71bd32fb7607035768799732addba884a37a6210",
        "version" : "0.23.1"
      }
    },
    {
      "identity" : "tree-sitter-rust",
      "kind" : "remoteSourceControl",
      "location" : "https://github.com/tree-sitter/tree-sitter-rust.git",
      "state" : {
        "revision" : "cad8a206f2e4194676b9699f26f6560d07130d3f",
        "version" : "0.23.2"
      }
    },
    {
      "identity" : "tree-sitter-scss",
      "kind" : "remoteSourceControl",
      "location" : "https://github.com/tree-sitter-grammars/tree-sitter-scss.git",
      "state" : {
        "revision" : "2ef6d42e3ad7a8208900f9346f4529806ae0f9f9"
      }
    },
    {
      "identity" : "tree-sitter-sql",
      "kind" : "remoteSourceControl",
      "location" : "https://github.com/DerekStride/tree-sitter-sql.git",
      "state" : {
        "revision" : "9853b887c5e4309de273922b681cc7bc09e30c78"
      }
    },
    {
      "identity" : "tree-sitter-swift",
      "kind" : "remoteSourceControl",
      "location" : "https://github.com/alex-pinkus/tree-sitter-swift.git",
      "state" : {
        "revision" : "31d17fe7e818a2048c808b5c6fdc2dc792f4f5b5"
      }
    },
    {
      "identity" : "tree-sitter-toml",
      "kind" : "remoteSourceControl",
      "location" : "https://github.com/tree-sitter-grammars/tree-sitter-toml.git",
      "state" : {
        "revision" : "64b56832c2cffe41758f28e05c756a3a98d16f41",
        "version" : "0.7.0"
      }
    },
    {
      "identity" : "tree-sitter-typescript",
      "kind" : "remoteSourceControl",
      "location" : "https://github.com/tree-sitter/tree-sitter-typescript.git",
      "state" : {
        "revision" : "f975a621f4e7f532fe322e13c4f79495e0a7b2e7",
        "version" : "0.23.2"
      }
    },
    {
      "identity" : "tree-sitter-xml",
      "kind" : "remoteSourceControl",
      "location" : "https://github.com/tree-sitter-grammars/tree-sitter-xml.git",
      "state" : {
        "revision" : "4b64dd3a03ec002258d6268d712fd93716d6ab57",
        "version" : "0.7.0"
      }
    },
    {
      "identity" : "tree-sitter-yaml",
      "kind" : "remoteSourceControl",
      "location" : "https://github.com/tree-sitter-grammars/tree-sitter-yaml.git",
      "state" : {
        "revision" : "08ab1fbc18beac06b2938495a2c6ab17b5a6abc5",
        "version" : "0.6.1"
      }
    },
    {
      "identity" : "webrtc",
      "kind" : "remoteSourceControl",
      "location" : "https://github.com/stasel/WebRTC.git",
      "state" : {
        "revision" : "1d04692697cb642bfebf6ad2dd99fe52649c3d6d",
        "version" : "152.0.0"
      }
    }
  ],
  "version" : 2
}
