// !$*UTF8*$!
{
	archiveVersion = 1;
	classes = {
	};
	objectVersion = 77;
	objects = {

/* Begin PBXBuildFile section */
		CF0000000000000000000020 /* SwiftProtobuf in Frameworks */ = {isa = PBXBuildFile; productRef = CF000000000000000000001D /* SwiftProtobuf */; };
		CF0000000000000000000021 /* SwiftProtobuf in Frameworks */ = {isa = PBXBuildFile; productRef = CF000000000000000000001E /* SwiftProtobuf */; };
/* End PBXBuildFile section */

/* Begin PBXContainerItemProxy section */
		CF000000000000000000001A /* PBXContainerItemProxy */ = {
			isa = PBXContainerItemProxy;
			containerPortal = CF0000000000000000000001 /* Project object */;
			proxyType = 1;
			remoteGlobalIDString = CF0000000000000000000009;
			remoteInfo = Coflux;
		};
/* End PBXContainerItemProxy section */

/* Begin PBXFileReference section */
		CF0000000000000000000004 /* Coflux.app */ = {isa = PBXFileReference; explicitFileType = wrapper.application; includeInIndex = 0; path = Coflux.app; sourceTree = BUILT_PRODUCTS_DIR; };
		CF0000000000000000000005 /* CofluxTests.xctest */ = {isa = PBXFileReference; explicitFileType = wrapper.cfbundle; includeInIndex = 0; path = CofluxTests.xctest; sourceTree = BUILT_PRODUCTS_DIR; };
/* End PBXFileReference section */

/* Begin PBXFileSystemSynchronizedRootGroup section */
		CF0000000000000000000006 /* Coflux */ = {
			isa = PBXFileSystemSynchronizedRootGroup;
			path = Coflux;
			sourceTree = "<group>";
		};
		CF0000000000000000000007 /* CofluxTests */ = {
			isa = PBXFileSystemSynchronizedRootGroup;
			path = CofluxTests;
			sourceTree = "<group>";
		};
		CF0000000000000000000008 /* ProtoGen */ = {
			isa = PBXFileSystemSynchronizedRootGroup;
			name = ProtoGen;
			path = "../../proto/gen/swift";
			sourceTree = "<group>";
		};
/* End PBXFileSystemSynchronizedRootGroup section */

/* Begin PBXFrameworksBuildPhase section */
		CF0000000000000000000015 /* Frameworks */ = {
			isa = PBXFrameworksBuildPhase;
			buildActionMask = 2147483647;
			files = (
				CF0000000000000000000020 /* SwiftProtobuf in Frameworks */,
			);
			runOnlyForDeploymentPostprocessing = 0;
		};
		CF0000000000000000000018 /* Frameworks */ = {
			isa = PBXFrameworksBuildPhase;
			buildActionMask = 2147483647;
			files = (
				CF0000000000000000000021 /* SwiftProtobuf in Frameworks */,
			);
			runOnlyForDeploymentPostprocessing = 0;
		};
/* End PBXFrameworksBuildPhase section */

/* Begin PBXGroup section */
		CF0000000000000000000002 = {
			isa = PBXGroup;
			children = (
				CF0000000000000000000006 /* Coflux */,
				CF0000000000000000000007 /* CofluxTests */,
				CF0000000000000000000008 /* ProtoGen */,
				CF0000000000000000000003 /* Products */,
			);
			sourceTree = "<group>";
		};
		CF0000000000000000000003 /* Products */ = {
			isa = PBXGroup;
			children = (
				CF0000000000000000000004 /* Coflux.app */,
				CF0000000000000000000005 /* CofluxTests.xctest */,
			);
			name = Products;
			sourceTree = "<group>";
		};
/* End PBXGroup section */

/* Begin PBXNativeTarget section */
		CF0000000000000000000009 /* Coflux */ = {
			isa = PBXNativeTarget;
			buildConfigurationList = CF000000000000000000000C /* Build configuration list for PBXNativeTarget "Coflux" */;
			buildPhases = (
				CF0000000000000000000014 /* Sources */,
				CF0000000000000000000015 /* Frameworks */,
				CF0000000000000000000016 /* Resources */,
			);
			buildRules = (
			);
			dependencies = (
			);
			fileSystemSynchronizedGroups = (
				CF0000000000000000000006 /* Coflux */,
				CF0000000000000000000008 /* ProtoGen */,
			);
			name = Coflux;
			packageProductDependencies = (
				CF000000000000000000001D /* SwiftProtobuf */,
			);
			productName = Coflux;
			productReference = CF0000000000000000000004 /* Coflux.app */;
			productType = "com.apple.product-type.application";
		};
		CF000000000000000000000A /* CofluxTests */ = {
			isa = PBXNativeTarget;
			buildConfigurationList = CF000000000000000000000D /* Build configuration list for PBXNativeTarget "CofluxTests" */;
			buildPhases = (
				CF0000000000000000000017 /* Sources */,
				CF0000000000000000000018 /* Frameworks */,
				CF0000000000000000000019 /* Resources */,
			);
			buildRules = (
			);
			dependencies = (
				CF000000000000000000001B /* PBXTargetDependency */,
			);
			fileSystemSynchronizedGroups = (
				CF0000000000000000000007 /* CofluxTests */,
			);
			name = CofluxTests;
			packageProductDependencies = (
				CF000000000000000000001E /* SwiftProtobuf */,
			);
			productName = CofluxTests;
			productReference = CF0000000000000000000005 /* CofluxTests.xctest */;
			productType = "com.apple.product-type.bundle.unit-test";
		};
/* End PBXNativeTarget section */

/* Begin PBXProject section */
		CF0000000000000000000001 /* Project object */ = {
			isa = PBXProject;
			attributes = {
				BuildIndependentTargetsInParallel = 1;
				LastSwiftUpdateCheck = 2600;
				LastUpgradeCheck = 2600;
				TargetAttributes = {
					CF0000000000000000000009 = {
						CreatedOnToolsVersion = 26.0;
					};
					CF000000000000000000000A = {
						CreatedOnToolsVersion = 26.0;
						TestTargetID = CF0000000000000000000009;
					};
				};
			};
			buildConfigurationList = CF000000000000000000000B /* Build configuration list for PBXProject "Coflux" */;
			compatibilityVersion = "Xcode 15.0";
			developmentRegion = en;
			hasScannedForEncodings = 0;
			knownRegions = (
				en,
				Base,
			);
			mainGroup = CF0000000000000000000002;
			minimizedProjectReferenceProxies = 1;
			packageReferences = (
				CF000000000000000000001C /* XCRemoteSwiftPackageReference "swift-protobuf" */,
			);
			preferredProjectObjectVersion = 77;
			productRefGroup = CF0000000000000000000003 /* Products */;
			projectDirPath = "";
			projectRoot = "";
			targets = (
				CF0000000000000000000009 /* Coflux */,
				CF000000000000000000000A /* CofluxTests */,
			);
		};
/* End PBXProject section */

/* Begin PBXResourcesBuildPhase section */
		CF0000000000000000000016 /* Resources */ = {
			isa = PBXResourcesBuildPhase;
			buildActionMask = 2147483647;
			files = (
			);
			runOnlyForDeploymentPostprocessing = 0;
		};
		CF0000000000000000000019 /* Resources */ = {
			isa = PBXResourcesBuildPhase;
			buildActionMask = 2147483647;
			files = (
			);
			runOnlyForDeploymentPostprocessing = 0;
		};
/* End PBXResourcesBuildPhase section */

/* Begin PBXSourcesBuildPhase section */
		CF0000000000000000000014 /* Sources */ = {
			isa = PBXSourcesBuildPhase;
			buildActionMask = 2147483647;
			files = (
			);
			runOnlyForDeploymentPostprocessing = 0;
		};
		CF0000000000000000000017 /* Sources */ = {
			isa = PBXSourcesBuildPhase;
			buildActionMask = 2147483647;
			files = (
			);
			runOnlyForDeploymentPostprocessing = 0;
		};
/* End PBXSourcesBuildPhase section */

/* Begin PBXTargetDependency section */
		CF000000000000000000001B /* PBXTargetDependency */ = {
			isa = PBXTargetDependency;
			target = CF0000000000000000000009 /* Coflux */;
			targetProxy = CF000000000000000000001A /* PBXContainerItemProxy */;
		};
/* End PBXTargetDependency section */

/* Begin XCBuildConfiguration section */
		CF000000000000000000000E /* Debug */ = {
			isa = XCBuildConfiguration;
			buildSettings = {
				ALWAYS_SEARCH_USER_PATHS = NO;
				ASSETCATALOG_COMPILER_GENERATE_SWIFT_ASSET_SYMBOL_EXTENSIONS = YES;
				CLANG_ENABLE_MODULES = YES;
				CLANG_ENABLE_OBJC_ARC = YES;
				COPY_PHASE_STRIP = NO;
				DEBUG_INFORMATION_FORMAT = dwarf;
				ENABLE_STRICT_OBJC_MSGSEND = YES;
				ENABLE_TESTABILITY = YES;
				ENABLE_USER_SCRIPT_SANDBOXING = YES;
				GCC_C_LANGUAGE_STANDARD = gnu17;
				GCC_DYNAMIC_NO_PIC = NO;
				GCC_NO_COMMON_BLOCKS = YES;
				GCC_OPTIMIZATION_LEVEL = 0;
				GCC_PREPROCESSOR_DEFINITIONS = (
					"DEBUG=1",
					"$(inherited)",
				);
				IPHONEOS_DEPLOYMENT_TARGET = 26.0;
				LOCALIZATION_PREFERS_STRING_CATALOGS = YES;
				MTL_ENABLE_DEBUG_INFO = INCLUDE_SOURCE;
				MTL_FAST_MATH = YES;
				ONLY_ACTIVE_ARCH = YES;
				SDKROOT = iphoneos;
				SWIFT_ACTIVE_COMPILATION_CONDITIONS = "DEBUG $(inherited)";
				SWIFT_APPROACHABLE_CONCURRENCY = YES;
				SWIFT_OPTIMIZATION_LEVEL = "-Onone";
				SWIFT_VERSION = 6.0;
			};
			name = Debug;
		};
		CF000000000000000000000F /* Release */ = {
			isa = XCBuildConfiguration;
			buildSettings = {
				ALWAYS_SEARCH_USER_PATHS = NO;
				ASSETCATALOG_COMPILER_GENERATE_SWIFT_ASSET_SYMBOL_EXTENSIONS = YES;
				CLANG_ENABLE_MODULES = YES;
				CLANG_ENABLE_OBJC_ARC = YES;
				COPY_PHASE_STRIP = NO;
				DEBUG_INFORMATION_FORMAT = "dwarf-with-dsym";
				ENABLE_NS_ASSERTIONS = NO;
				ENABLE_STRICT_OBJC_MSGSEND = YES;
				ENABLE_USER_SCRIPT_SANDBOXING = YES;
				GCC_C_LANGUAGE_STANDARD = gnu17;
				GCC_NO_COMMON_BLOCKS = YES;
				IPHONEOS_DEPLOYMENT_TARGET = 26.0;
				LOCALIZATION_PREFERS_STRING_CATALOGS = YES;
				MTL_ENABLE_DEBUG_INFO = NO;
				MTL_FAST_MATH = YES;
				SDKROOT = iphoneos;
				SWIFT_APPROACHABLE_CONCURRENCY = YES;
				SWIFT_COMPILATION_MODE = wholemodule;
				SWIFT_OPTIMIZATION_LEVEL = "-O";
				SWIFT_VERSION = 6.0;
				VALIDATE_PRODUCT = YES;
			};
			name = Release;
		};
		CF0000000000000000000010 /* Debug */ = {
			isa = XCBuildConfiguration;
			buildSettings = {
				CODE_SIGN_STYLE = Automatic;
				CURRENT_PROJECT_VERSION = 1;
				ENABLE_PREVIEWS = YES;
				GENERATE_INFOPLIST_FILE = YES;
				INFOPLIST_FILE = "Coflux-Info.plist";
				INFOPLIST_KEY_UIApplicationSceneManifest_Generation = YES;
				INFOPLIST_KEY_UIApplicationSupportsIndirectInputEvents = YES;
				INFOPLIST_KEY_UILaunchScreen_Generation = YES;
				INFOPLIST_KEY_UISupportedInterfaceOrientations = UIInterfaceOrientationPortrait;
				LD_RUNPATH_SEARCH_PATHS = (
					"$(inherited)",
					"@executable_path/Frameworks",
				);
				MARKETING_VERSION = 0.1.0;
				PRODUCT_BUNDLE_IDENTIFIER = dev.coflux.Coflux;
				PRODUCT_NAME = "$(TARGET_NAME)";
				SWIFT_EMIT_LOC_STRINGS = YES;
				TARGETED_DEVICE_FAMILY = 1;
			};
			name = Debug;
		};
		CF0000000000000000000011 /* Release */ = {
			isa = XCBuildConfiguration;
			buildSettings = {
				CODE_SIGN_STYLE = Automatic;
				CURRENT_PROJECT_VERSION = 1;
				ENABLE_PREVIEWS = YES;
				GENERATE_INFOPLIST_FILE = YES;
				INFOPLIST_FILE = "Coflux-Info.plist";
				INFOPLIST_KEY_UIApplicationSceneManifest_Generation = YES;
				INFOPLIST_KEY_UIApplicationSupportsIndirectInputEvents = YES;
				INFOPLIST_KEY_UILaunchScreen_Generation = YES;
				INFOPLIST_KEY_UISupportedInterfaceOrientations = UIInterfaceOrientationPortrait;
				LD_RUNPATH_SEARCH_PATHS = (
					"$(inherited)",
					"@executable_path/Frameworks",
				);
				MARKETING_VERSION = 0.1.0;
				PRODUCT_BUNDLE_IDENTIFIER = dev.coflux.Coflux;
				PRODUCT_NAME = "$(TARGET_NAME)";
				SWIFT_EMIT_LOC_STRINGS = YES;
				TARGETED_DEVICE_FAMILY = 1;
			};
			name = Release;
		};
		CF0000000000000000000012 /* Debug */ = {
			isa = XCBuildConfiguration;
			buildSettings = {
				BUNDLE_LOADER = "$(TEST_HOST)";
				CODE_SIGN_STYLE = Automatic;
				CURRENT_PROJECT_VERSION = 1;
				GENERATE_INFOPLIST_FILE = YES;
				MARKETING_VERSION = 1.0;
				PRODUCT_BUNDLE_IDENTIFIER = dev.coflux.CofluxTests;
				PRODUCT_NAME = "$(TARGET_NAME)";
				SWIFT_EMIT_LOC_STRINGS = NO;
				TARGETED_DEVICE_FAMILY = 1;
				TEST_HOST = "$(BUILT_PRODUCTS_DIR)/Coflux.app/$(BUNDLE_EXECUTABLE_FOLDER_PATH)/Coflux";
			};
			name = Debug;
		};
		CF0000000000000000000013 /* Release */ = {
			isa = XCBuildConfiguration;
			buildSettings = {
				BUNDLE_LOADER = "$(TEST_HOST)";
				CODE_SIGN_STYLE = Automatic;
				CURRENT_PROJECT_VERSION = 1;
				GENERATE_INFOPLIST_FILE = YES;
				MARKETING_VERSION = 1.0;
				PRODUCT_BUNDLE_IDENTIFIER = dev.coflux.CofluxTests;
				PRODUCT_NAME = "$(TARGET_NAME)";
				SWIFT_EMIT_LOC_STRINGS = NO;
				TARGETED_DEVICE_FAMILY = 1;
				TEST_HOST = "$(BUILT_PRODUCTS_DIR)/Coflux.app/$(BUNDLE_EXECUTABLE_FOLDER_PATH)/Coflux";
			};
			name = Release;
		};
/* End XCBuildConfiguration section */

/* Begin XCConfigurationList section */
		CF000000000000000000000B /* Build configuration list for PBXProject "Coflux" */ = {
			isa = XCConfigurationList;
			buildConfigurations = (
				CF000000000000000000000E /* Debug */,
				CF000000000000000000000F /* Release */,
			);
			defaultConfigurationIsVisible = 0;
			defaultConfigurationName = Release;
		};
		CF000000000000000000000C /* Build configuration list for PBXNativeTarget "Coflux" */ = {
			isa = XCConfigurationList;
			buildConfigurations = (
				CF0000000000000000000010 /* Debug */,
				CF0000000000000000000011 /* Release */,
			);
			defaultConfigurationIsVisible = 0;
			defaultConfigurationName = Release;
		};
		CF000000000000000000000D /* Build configuration list for PBXNativeTarget "CofluxTests" */ = {
			isa = XCConfigurationList;
			buildConfigurations = (
				CF0000000000000000000012 /* Debug */,
				CF0000000000000000000013 /* Release */,
			);
			defaultConfigurationIsVisible = 0;
			defaultConfigurationName = Release;
		};
/* End XCConfigurationList section */

/* Begin XCRemoteSwiftPackageReference section */
		CF000000000000000000001C /* XCRemoteSwiftPackageReference "swift-protobuf" */ = {
			isa = XCRemoteSwiftPackageReference;
			repositoryURL = "https://github.com/apple/swift-protobuf.git";
			requirement = {
				kind = upToNextMajorVersion;
				minimumVersion = 1.37.0;
			};
		};
/* End XCRemoteSwiftPackageReference section */

/* Begin XCSwiftPackageProductDependency section */
		CF000000000000000000001D /* SwiftProtobuf */ = {
			isa = XCSwiftPackageProductDependency;
			package = CF000000000000000000001C /* XCRemoteSwiftPackageReference "swift-protobuf" */;
			productName = SwiftProtobuf;
		};
		CF000000000000000000001E /* SwiftProtobuf */ = {
			isa = XCSwiftPackageProductDependency;
			package = CF000000000000000000001C /* XCRemoteSwiftPackageReference "swift-protobuf" */;
			productName = SwiftProtobuf;
		};
/* End XCSwiftPackageProductDependency section */
	};
	rootObject = CF0000000000000000000001 /* Project object */;
}
